
Microsoft Visual Studio Solution File, Format Version 12.00
# Visual Studio Version 17
VisualStudioVersion = 17.4.33122.133
MinimumVisualStudioVersion = 10.0.40219.1
Project("{FAE04EC0-301F-11D3-BF4B-00C04F79EFBC}") = "ChristmasWishList", "ChristmasWishList\ChristmasWishList.csproj", "{93E04EC0-A76F-418B-92FD-5D79C9AC42A6}"
EndProject
Project("{FAE04EC0-301F-11D3-BF4B-00C04F79EFBC}") = "ChristmasWishList.Shared", "ChristmasWishList.Shared\ChristmasWishList.Shared.csproj", "{DF590485-95E5-4354-97C2-4D793D5E66B3}"
EndProject
Project("{FAE04EC0-301F-11D3-BF4B-00C04F79EFBC}") = "ChristmasWishList.BusinessLayer", "ChristmasWishList.BusinessLayer\ChristmasWishList.BusinessLayer.csproj", "{B680FC82-FB57-423D-9FE1-E6E00F065B55}"
EndProject
Global
	GlobalSection(SolutionConfigurationPlatforms) = preSolution
		Debug|Any CPU = Debug|Any CPU
		Release|Any CPU = Release|Any CPU
	EndGlobalSection
	GlobalSection(ProjectConfigurationPlatforms) = postSolution
		{93E04EC0-A76F-418B-92FD-5D79C9AC42A6}.Debug|Any CPU.ActiveCfg = Debug|Any CPU
		{93E04EC0-A76F-418B-92FD-5D79C9AC42A6}.Debug|Any CPU.Build.0 = Debug|Any CPU
		{93E04EC0-A76F-418B-92FD-5D79C9AC42A6}.Release|Any CPU.ActiveCfg = Release|Any CPU
		{93E04EC0-A76F-418B-92FD-5D79C9AC42A6}.Release|Any CPU.Build.0 = Release|Any CPU
		{DF590485-95E5-4354-97C2-4D793D5E66B3}.Debug|Any CPU.ActiveCfg = Debug|Any CPU
		{DF590485-95E5-4354-97C2-4D793D5E66B3}.Debug|Any CPU.Build.0 = Debug|Any CPU
		{DF590485-95E5-4354-97C2-4D793D5E66B3}.Release|Any CPU.ActiveCfg = Release|Any CPU
		{DF590485-95E5-4354-97C2-4D793D5E66B3}.Release|Any CPU.Build.0 = Release|Any CPU
		{B680FC82-FB57-423D-9FE1-E6E00F065B55}.Debug|Any CPU.ActiveCfg = Debug|Any CPU
		{B680FC82-FB57-423D-9FE1-E6E00F065B55}.Debug|Any CPU.Build.0 = Debug|Any CPU
		{B680FC82-FB57-423D-9FE1-E6E00F065B55}.Release|Any CPU.ActiveCfg = Release|Any CPU
		{B680FC82-FB57-423D-9FE1-E6E00F065B55}.Release|Any CPU.Build.0 = Release|Any CPU
	EndGlobalSection
	GlobalSection(SolutionProperties) = preSolution
		HideSolutionNode = FALSE
	EndGlobalSection
	GlobalSection(ExtensibilityGlobals) = postSolution
		SolutionGuid = {45C07695-B7A3-442B-B1BB-2182C1EB1971}
	EndGlobalSection
EndGlobal
